
Microsoft Visual Studio Solution File, Format Version 12.00
# Visual Studio Version 16
VisualStudioVersion = 16.0.31129.286
MinimumVisualStudioVersion = 10.0.40219.1
Project("{9A19103F-16F7-4668-BE54-9A1E7A4F7556}") = "Eiffel.Domain.Abstractions", "src\Eiffel.Domain.Abstractions\Eiffel.Domain.Abstractions.csproj", "{9F7A8215-0215-46D0-B9FA-43AC0A1789EC}"
EndProject
Project("{9A19103F-16F7-4668-BE54-9A1E7A4F7556}") = "Eiffel.Domain", "src\Eiffel.Domain\Eiffel.Domain.csproj", "{071FFC93-1829-4E46-893E-6FB50A4C2DFB}"
EndProject
Project("{FAE04EC0-301F-11D3-BF4B-00C04F79EFBC}") = "Eiffel.Domain.EventPublisher", "src\Eiffel.Domain.EventPublisher\Eiffel.Domain.EventPublisher.csproj", "{73ECE70F-9765-4A27-A623-C80A94948FF9}"
EndProject
Global
	GlobalSection(SolutionConfigurationPlatforms) = preSolution
		Debug|Any CPU = Debug|Any CPU
		Release|Any CPU = Release|Any CPU
	EndGlobalSection
	GlobalSection(ProjectConfigurationPlatforms) = postSolution
		{9F7A8215-0215-46D0-B9FA-43AC0A1789EC}.Debug|Any CPU.ActiveCfg = Debug|Any CPU
		{9F7A8215-0215-46D0-B9FA-43AC0A1789EC}.Debug|Any CPU.Build.0 = Debug|Any CPU
		{9F7A8215-0215-46D0-B9FA-43AC0A1789EC}.Release|Any CPU.ActiveCfg = Release|Any CPU
		{9F7A8215-0215-46D0-B9FA-43AC0A1789EC}.Release|Any CPU.Build.0 = Release|Any CPU
		{071FFC93-1829-4E46-893E-6FB50A4C2DFB}.Debug|Any CPU.ActiveCfg = Debug|Any CPU
		{071FFC93-1829-4E46-893E-6FB50A4C2DFB}.Debug|Any CPU.Build.0 = Debug|Any CPU
		{071FFC93-1829-4E46-893E-6FB50A4C2DFB}.Release|Any CPU.ActiveCfg = Release|Any CPU
		{071FFC93-1829-4E46-893E-6FB50A4C2DFB}.Release|Any CPU.Build.0 = Release|Any CPU
		{73ECE70F-9765-4A27-A623-C80A94948FF9}.Debug|Any CPU.ActiveCfg = Debug|Any CPU
		{73ECE70F-9765-4A27-A623-C80A94948FF9}.Debug|Any CPU.Build.0 = Debug|Any CPU
		{73ECE70F-9765-4A27-A623-C80A94948FF9}.Release|Any CPU.ActiveCfg = Release|Any CPU
		{73ECE70F-9765-4A27-A623-C80A94948FF9}.Release|Any CPU.Build.0 = Release|Any CPU
	EndGlobalSection
	GlobalSection(SolutionProperties) = preSolution
		HideSolutionNode = FALSE
	EndGlobalSection
	GlobalSection(ExtensibilityGlobals) = postSolution
		SolutionGuid = {27A68ABB-CB31-4423-8C2D-F15B58DAA2B0}
	EndGlobalSection
EndGlobal
